// !$*UTF8*$!
{
	archiveVersion = 1;
	classes = {
	};
	objectVersion = 46;
	objects = {

/* Begin PBXBuildFile section */
		B791A4801D62F64B00893017 /* main.m in Sources */ = {isa = PBXBuildFile; fileRef = B791A47F1D62F64B00893017 /* main.m */; };
		B791A4831D62F64B00893017 /* AppDelegate.m in Sources */ = {isa = PBXBuildFile; fileRef = B791A4821D62F64B00893017 /* AppDelegate.m */; };
		B791A4861D62F64B00893017 /* ViewController.m in Sources */ = {isa = PBXBuildFile; fileRef = B791A4851D62F64B00893017 /* ViewController.m */; };
		B791A4891D62F64B00893017 /* Main.storyboard in Resources */ = {isa = PBXBuildFile; fileRef = B791A4871D62F64B00893017 /* Main.storyboard */; };
		B791A48C1D62F64B00893017 /* NumberKeyBoard.xcdatamodeld in Sources */ = {isa = PBXBuildFile; fileRef = B791A48A1D62F64B00893017 /* NumberKeyBoard.xcdatamodeld */; };
		B791A48E1D62F64B00893017 /* Assets.xcassets in Resources */ = {isa = PBXBuildFile; fileRef = B791A48D1D62F64B00893017 /* Assets.xcassets */; };
		B791A4911D62F64B00893017 /* LaunchScreen.storyboard in Resources */ = {isa = PBXBuildFile; fileRef = B791A48F1D62F64B00893017 /* LaunchScreen.storyboard */; };
		B791A49C1D62F64B00893017 /* NumberKeyBoardTests.m in Sources */ = {isa = PBXBuildFile; fileRef = B791A49B1D62F64B00893017 /* NumberKeyBoardTests.m */; };
		B791A4A71D62F64B00893017 /* NumberKeyBoardUITests.m in Sources */ = {isa = PBXBuildFile; fileRef = B791A4A61D62F64B00893017 /* NumberKeyBoardUITests.m */; };
		B791A4B61D63053D00893017 /* UIImage+Extension.m in Sources */ = {isa = PBXBuildFile; fileRef = B791A4B51D63053D00893017 /* UIImage+Extension.m */; };
/* End PBXBuildFile section */

/* Begin PBXContainerItemProxy section */
		B791A4981D62F64B00893017 /* PBXContainerItemProxy */ = {
			isa = PBXContainerItemProxy;
			containerPortal = B791A4731D62F64B00893017 /* Project object */;
			proxyType = 1;
			remoteGlobalIDString = B791A47A1D62F64B00893017;
			remoteInfo = NumberKeyBoard;
		};
		B791A4A31D62F64B00893017 /* PBXContainerItemProxy */ = {
			isa = PBXContainerItemProxy;
			containerPortal = B791A4731D62F64B00893017 /* Project object */;
			proxyType = 1;
			remoteGlobalIDString = B791A47A1D62F64B00893017;
			remoteInfo = NumberKeyBoard;
		};
/* End PBXContainerItemProxy section */

/* Begin PBXFileReference section */
		B791A47B1D62F64B00893017 /* NumberKeyBoard.app */ = {isa = PBXFileReference; explicitFileType = wrapper.application; includeInIndex = 0; path = NumberKeyBoard.app; sourceTree = BUILT_PRODUCTS_DIR; };
		B791A47F1D62F64B00893017 /* main.m */ = {isa = PBXFileReference; lastKnownFileType = sourcecode.c.objc; path = main.m; sourceTree = "<group>"; };
		B791A4811D62F64B00893017 /* AppDelegate.h */ = {isa = PBXFileReference; lastKnownFileType = sourcecode.c.h; path = AppDelegate.h; sourceTree = "<group>"; };
		B791A4821D62F64B00893017 /* AppDelegate.m */ = {isa = PBXFileReference; lastKnownFileType = sourcecode.c.objc; path = AppDelegate.m; sourceTree = "<group>"; };
		B791A4841D62F64B00893017 /* ViewController.h */ = {isa = PBXFileReference; lastKnownFileType = sourcecode.c.h; path = ViewController.h; sourceTree = "<group>"; };
		B791A4851D62F64B00893017 /* ViewController.m */ = {isa = PBXFileReference; lastKnownFileType = sourcecode.c.objc; path = ViewController.m; sourceTree = "<group>"; };
		B791A4881D62F64B00893017 /* Base */ = {isa = PBXFileReference; lastKnownFileType = file.storyboard; name = Base; path = Base.lproj/Main.storyboard; sourceTree = "<group>"; };
		B791A48B1D62F64B00893017 /* NumberKeyBoard.xcdatamodel */ = {isa = PBXFileReference; lastKnownFileType = wrapper.xcdatamodel; path = NumberKeyBoard.xcdatamodel; sourceTree = "<group>"; };
		B791A48D1D62F64B00893017 /* Assets.xcassets */ = {isa = PBXFileReference; lastKnownFileType = folder.assetcatalog; path = Assets.xcassets; sourceTree = "<group>"; };
		B791A4901D62F64B00893017 /* Base */ = {isa = PBXFileReference; lastKnownFileType = file.storyboard; name = Base; path = Base.lproj/LaunchScreen.storyboard; sourceTree = "<group>"; };
		B791A4921D62F64B00893017 /* Info.plist */ = {isa = PBXFileReference; lastKnownFileType = text.plist.xml; path = Info.plist; sourceTree = "<group>"; };
		B791A4971D62F64B00893017 /* NumberKeyBoardTests.xctest */ = {isa = PBXFileReference; explicitFileType = wrapper.cfbundle; includeInIndex = 0; path = NumberKeyBoardTests.xctest; sourceTree = BUILT_PRODUCTS_DIR; };
		B791A49B1D62F64B00893017 /* NumberKeyBoardTests.m */ = {isa = PBXFileReference; lastKnownFileType = sourcecode.c.objc; path = NumberKeyBoardTests.m; sourceTree = "<group>"; };
		B791A49D1D62F64B00893017 /* Info.plist */ = {isa = PBXFileReference; lastKnownFileType = text.plist.xml; path = Info.plist; sourceTree = "<group>"; };
		B791A4A21D62F64B00893017 /* NumberKeyBoardUITests.xctest */ = {isa = PBXFileReference; explicitFileType = wrapper.cfbundle; includeInIndex = 0; path = NumberKeyBoardUITests.xctest; sourceTree = BUILT_PRODUCTS_DIR; };
		B791A4A61D62F64B00893017 /* NumberKeyBoardUITests.m */ = {isa = PBXFileReference; lastKnownFileType = sourcecode.c.objc; path = NumberKeyBoardUITests.m; sourceTree = "<group>"; };
		B791A4A81D62F64B00893017 /* Info.plist */ = {isa = PBXFileReference; lastKnownFileType = text.plist.xml; path = Info.plist; sourceTree = "<group>"; };
		B791A4B41D63053D00893017 /* UIImage+Extension.h */ = {isa = PBXFileReference; fileEncoding = 4; lastKnownFileType = sourcecode.c.h; path = "UIImage+Extension.h"; sourceTree = "<group>"; };
		B791A4B51D63053D00893017 /* UIImage+Extension.m */ = {isa = PBXFileReference; fileEncoding = 4; lastKnownFileType = sourcecode.c.objc; path = "UIImage+Extension.m"; sourceTree = "<group>"; };
/* End PBXFileReference section */

/* Begin PBXFrameworksBuildPhase section */
		B791A4781D62F64B00893017 /* Frameworks */ = {
			isa = PBXFrameworksBuildPhase;
			buildActionMask = 2147483647;
			files = (
			);
			runOnlyForDeploymentPostprocessing = 0;
		};
		B791A4941D62F64B00893017 /* Frameworks */ = {
			isa = PBXFrameworksBuildPhase;
			buildActionMask = 2147483647;
			files = (
			);
			runOnlyForDeploymentPostprocessing = 0;
		};
		B791A49F1D62F64B00893017 /* Frameworks */ = {
			isa = PBXFrameworksBuildPhase;
			buildActionMask = 2147483647;
			files = (
			);
			runOnlyForDeploymentPostprocessing = 0;
		};
/* End PBXFrameworksBuildPhase section */

/* Begin PBXGroup section */
		B791A4721D62F64B00893017 = {
			isa = PBXGroup;
			children = (
				B791A47D1D62F64B00893017 /* NumberKeyBoard */,
				B791A49A1D62F64B00893017 /* NumberKeyBoardTests */,
				B791A4A51D62F64B00893017 /* NumberKeyBoardUITests */,
				B791A47C1D62F64B00893017 /* Products */,
			);
			sourceTree = "<group>";
		};
		B791A47C1D62F64B00893017 /* Products */ = {
			isa = PBXGroup;
			children = (
				B791A47B1D62F64B00893017 /* NumberKeyBoard.app */,
				B791A4971D62F64B00893017 /* NumberKeyBoardTests.xctest */,
				B791A4A21D62F64B00893017 /* NumberKeyBoardUITests.xctest */,
			);
			name = Products;
			sourceTree = "<group>";
		};
		B791A47D1D62F64B00893017 /* NumberKeyBoard */ = {
			isa = PBXGroup;
			children = (
				B791A4B41D63053D00893017 /* UIImage+Extension.h */,
				B791A4B51D63053D00893017 /* UIImage+Extension.m */,
				B791A4811D62F64B00893017 /* AppDelegate.h */,
				B791A4821D62F64B00893017 /* AppDelegate.m */,
				B791A4841D62F64B00893017 /* ViewController.h */,
				B791A4851D62F64B00893017 /* ViewController.m */,
				B791A4871D62F64B00893017 /* Main.storyboard */,
				B791A48D1D62F64B00893017 /* Assets.xcassets */,
				B791A48F1D62F64B00893017 /* LaunchScreen.storyboard */,
				B791A4921D62F64B00893017 /* Info.plist */,
				B791A48A1D62F64B00893017 /* NumberKeyBoard.xcdatamodeld */,
				B791A47E1D62F64B00893017 /* Supporting Files */,
			);
			path = NumberKeyBoard;
			sourceTree = "<group>";
		};
		B791A47E1D62F64B00893017 /* Supporting Files */ = {
			isa = PBXGroup;
			children = (
				B791A47F1D62F64B00893017 /* main.m */,
			);
			name = "Supporting Files";
			sourceTree = "<group>";
		};
		B791A49A1D62F64B00893017 /* NumberKeyBoardTests */ = {
			isa = PBXGroup;
			children = (
				B791A49B1D62F64B00893017 /* NumberKeyBoardTests.m */,
				B791A49D1D62F64B00893017 /* Info.plist */,
			);
			path = NumberKeyBoardTests;
			sourceTree = "<group>";
		};
		B791A4A51D62F64B00893017 /* NumberKeyBoardUITests */ = {
			isa = PBXGroup;
			children = (
				B791A4A61D62F64B00893017 /* NumberKeyBoardUITests.m */,
				B791A4A81D62F64B00893017 /* Info.plist */,
			);
			path = NumberKeyBoardUITests;
			sourceTree = "<group>";
		};
/* End PBXGroup section */

/* Begin PBXNativeTarget section */
		B791A47A1D62F64B00893017 /* NumberKeyBoard */ = {
			isa = PBXNativeTarget;
			buildConfigurationList = B791A4AB1D62F64B00893017 /* Build configuration list for PBXNativeTarget "NumberKeyBoard" */;
			buildPhases = (
				B791A4771D62F64B00893017 /* Sources */,
				B791A4781D62F64B00893017 /* Frameworks */,
				B791A4791D62F64B00893017 /* Resources */,
			);
			buildRules = (
			);
			dependencies = (
			);
			name = NumberKeyBoard;
			productName = NumberKeyBoard;
			productReference = B791A47B1D62F64B00893017 /* NumberKeyBoard.app */;
			productType = "com.apple.product-type.application";
		};
		B791A4961D62F64B00893017 /* NumberKeyBoardTests */ = {
			isa = PBXNativeTarget;
			buildConfigurationList = B791A4AE1D62F64B00893017 /* Build configuration list for PBXNativeTarget "NumberKeyBoardTests" */;
			buildPhases = (
				B791A4931D62F64B00893017 /* Sources */,
				B791A4941D62F64B00893017 /* Frameworks */,
				B791A4951D62F64B00893017 /* Resources */,
			);
			buildRules = (
			);
			dependencies = (
				B791A4991D62F64B00893017 /* PBXTargetDependency */,
			);
			name = NumberKeyBoardTests;
			productName = NumberKeyBoardTests;
			productReference = B791A4971D62F64B00893017 /* NumberKeyBoardTests.xctest */;
			productType = "com.apple.product-type.bundle.unit-test";
		};
		B791A4A11D62F64B00893017 /* NumberKeyBoardUITests */ = {
			isa = PBXNativeTarget;
			buildConfigurationList = B791A4B11D62F64B00893017 /* Build configuration list for PBXNativeTarget "NumberKeyBoardUITests" */;
			buildPhases = (
				B791A49E1D62F64B00893017 /* Sources */,
				B791A49F1D62F64B00893017 /* Frameworks */,
				B791A4A01D62F64B00893017 /* Resources */,
			);
			buildRules = (
			);
			dependencies = (
				B791A4A41D62F64B00893017 /* PBXTargetDependency */,
			);
			name = NumberKeyBoardUITests;
			productName = NumberKeyBoardUITests;
			productReference = B791A4A21D62F64B00893017 /* NumberKeyBoardUITests.xctest */;
			productType = "com.apple.product-type.bundle.ui-testing";
		};
/* End PBXNativeTarget section */

/* Begin PBXProject section */
		B791A4731D62F64B00893017 /* Project object */ = {
			isa = PBXProject;
			attributes = {
				LastUpgradeCheck = 0730;
				ORGANIZATIONNAME = jerry;
				TargetAttributes = {
					B791A47A1D62F64B00893017 = {
						CreatedOnToolsVersion = 7.3.1;
					};
					B791A4961D62F64B00893017 = {
						CreatedOnToolsVersion = 7.3.1;
						TestTargetID = B791A47A1D62F64B00893017;
					};
					B791A4A11D62F64B00893017 = {
						CreatedOnToolsVersion = 7.3.1;
						TestTargetID = B791A47A1D62F64B00893017;
					};
				};
			};
			buildConfigurationList = B791A4761D62F64B00893017 /* Build configuration list for PBXProject "NumberKeyBoard" */;
			compatibilityVersion = "Xcode 3.2";
			developmentRegion = English;
			hasScannedForEncodings = 0;
			knownRegions = (
				en,
				Base,
			);
			mainGroup = B791A4721D62F64B00893017;
			productRefGroup = B791A47C1D62F64B00893017 /* Products */;
			projectDirPath = "";
			projectRoot = "";
			targets = (
				B791A47A1D62F64B00893017 /* NumberKeyBoard */,
				B791A4961D62F64B00893017 /* NumberKeyBoardTests */,
				B791A4A11D62F64B00893017 /* NumberKeyBoardUITests */,
			);
		};
/* End PBXProject section */

/* Begin PBXResourcesBuildPhase section */
		B791A4791D62F64B00893017 /* Resources */ = {
			isa = PBXResourcesBuildPhase;
			buildActionMask = 2147483647;
			files = (
				B791A4911D62F64B00893017 /* LaunchScreen.storyboard in Resources */,
				B791A48E1D62F64B00893017 /* Assets.xcassets in Resources */,
				B791A4891D62F64B00893017 /* Main.storyboard in Resources */,
			);
			runOnlyForDeploymentPostprocessing = 0;
		};
		B791A4951D62F64B00893017 /* Resources */ = {
			isa = PBXResourcesBuildPhase;
			buildActionMask = 2147483647;
			files = (
			);
			runOnlyForDeploymentPostprocessing = 0;
		};
		B791A4A01D62F64B00893017 /* Resources */ = {
			isa = PBXResourcesBuildPhase;
			buildActionMask = 2147483647;
			files = (
			);
			runOnlyForDeploymentPostprocessing = 0;
		};
/* End PBXResourcesBuildPhase section */

/* Begin PBXSourcesBuildPhase section */
		B791A4771D62F64B00893017 /* Sources */ = {
			isa = PBXSourcesBuildPhase;
			buildActionMask = 2147483647;
			files = (
				B791A4B61D63053D00893017 /* UIImage+Extension.m in Sources */,
				B791A4861D62F64B00893017 /* ViewController.m in Sources */,
				B791A48C1D62F64B00893017 /* NumberKeyBoard.xcdatamodeld in Sources */,
				B791A4831D62F64B00893017 /* AppDelegate.m in Sources */,
				B791A4801D62F64B00893017 /* main.m in Sources */,
			);
			runOnlyForDeploymentPostprocessing = 0;
		};
		B791A4931D62F64B00893017 /* Sources */ = {
			isa = PBXSourcesBuildPhase;
			buildActionMask = 2147483647;
			files = (
				B791A49C1D62F64B00893017 /* NumberKeyBoardTests.m in Sources */,
			);
			runOnlyForDeploymentPostprocessing = 0;
		};
		B791A49E1D62F64B00893017 /* Sources */ = {
			isa = PBXSourcesBuildPhase;
			buildActionMask = 2147483647;
			files = (
				B791A4A71D62F64B00893017 /* NumberKeyBoardUITests.m in Sources */,
			);
			runOnlyForDeploymentPostprocessing = 0;
		};
/* End PBXSourcesBuildPhase section */

/* Begin PBXTargetDependency section */
		B791A4991D62F64B00893017 /* PBXTargetDependency */ = {
			isa = PBXTargetDependency;
			target = B791A47A1D62F64B00893017 /* NumberKeyBoard */;
			targetProxy = B791A4981D62F64B00893017 /* PBXContainerItemProxy */;
		};
		B791A4A41D62F64B00893017 /* PBXTargetDependency */ = {
			isa = PBXTargetDependency;
			target = B791A47A1D62F64B00893017 /* NumberKeyBoard */;
			targetProxy = B791A4A31D62F64B00893017 /* PBXContainerItemProxy */;
		};
/* End PBXTargetDependency section */

/* Begin PBXVariantGroup section */
		B791A4871D62F64B00893017 /* Main.storyboard */ = {
			isa = PBXVariantGroup;
			children = (
				B791A4881D62F64B00893017 /* Base */,
			);
			name = Main.storyboard;
			sourceTree = "<group>";
		};
		B791A48F1D62F64B00893017 /* LaunchScreen.storyboard */ = {
			isa = PBXVariantGroup;
			children = (
				B791A4901D62F64B00893017 /* Base */,
			);
			name = LaunchScreen.storyboard;
			sourceTree = "<group>";
		};
/* End PBXVariantGroup section */

/* Begin XCBuildConfiguration section */
		B791A4A91D62F64B00893017 /* Debug */ = {
			isa = XCBuildConfiguration;
			buildSettings = {
				ALWAYS_SEARCH_USER_PATHS = NO;
				CLANG_ANALYZER_NONNULL = YES;
				CLANG_CXX_LANGUAGE_STANDARD = "gnu++0x";
				CLANG_CXX_LIBRARY = "libc++";
				CLANG_ENABLE_MODULES = YES;
				CLANG_ENABLE_OBJC_ARC = YES;
				CLANG_WARN_BOOL_CONVERSION = YES;
				CLANG_WARN_CONSTANT_CONVERSION = YES;
				CLANG_WARN_DIRECT_OBJC_ISA_USAGE = YES_ERROR;
				CLANG_WARN_EMPTY_BODY = YES;
				CLANG_WARN_ENUM_CONVERSION = YES;
				CLANG_WARN_INT_CONVERSION = YES;
				CLANG_WARN_OBJC_ROOT_CLASS = YES_ERROR;
				CLANG_WARN_UNREACHABLE_CODE = YES;
				CLANG_WARN__DUPLICATE_METHOD_MATCH = YES;
				"CODE_SIGN_IDENTITY[sdk=iphoneos*]" = "iPhone Developer";
				COPY_PHASE_STRIP = NO;
				DEBUG_INFORMATION_FORMAT = dwarf;
				ENABLE_STRICT_OBJC_MSGSEND = YES;
				ENABLE_TESTABILITY = YES;
				GCC_C_LANGUAGE_STANDARD = gnu99;
				GCC_DYNAMIC_NO_PIC = NO;
				GCC_NO_COMMON_BLOCKS = YES;
				GCC_OPTIMIZATION_LEVEL = 0;
				GCC_PREPROCESSOR_DEFINITIONS = (
					"DEBUG=1",
					"$(inherited)",
				);
				GCC_WARN_64_TO_32_BIT_CONVERSION = YES;
				GCC_WARN_ABOUT_RETURN_TYPE = YES_ERROR;
				GCC_WARN_UNDECLARED_SELECTOR = YES;
				GCC_WARN_UNINITIALIZED_AUTOS = YES_AGGRESSIVE;
				GCC_WARN_UNUSED_FUNCTION = YES;
				GCC_WARN_UNUSED_VARIABLE = YES;
				IPHONEOS_DEPLOYMENT_TARGET = 9.3;
				MTL_ENABLE_DEBUG_INFO = YES;
				ONLY_ACTIVE_ARCH = YES;
				SDKROOT = iphoneos;
				TARGETED_DEVICE_FAMILY = "1,2";
			};
			name = Debug;
		};
		B791A4AA1D62F64B00893017 /* Release */ = {
			isa = XCBuildConfiguration;
			buildSettings = {
				ALWAYS_SEARCH_USER_PATHS = NO;
				CLANG_ANALYZER_NONNULL = YES;
				CLANG_CXX_LANGUAGE_STANDARD = "gnu++0x";
				CLANG_CXX_LIBRARY = "libc++";
				CLANG_ENABLE_MODULES = YES;
				CLANG_ENABLE_OBJC_ARC = YES;
				CLANG_WARN_BOOL_CONVERSION = YES;
				CLANG_WARN_CONSTANT_CONVERSION = YES;
				CLANG_WARN_DIRECT_OBJC_ISA_USAGE = YES_ERROR;
				CLANG_WARN_EMPTY_BODY = YES;
				CLANG_WARN_ENUM_CONVERSION = YES;
				CLANG_WARN_INT_CONVERSION = YES;
				CLANG_WARN_OBJC_ROOT_CLASS = YES_ERROR;
				CLANG_WARN_UNREACHABLE_CODE = YES;
				CLANG_WARN__DUPLICATE_METHOD_MATCH = YES;
				"CODE_SIGN_IDENTITY[sdk=iphoneos*]" = "iPhone Developer";
				COPY_PHASE_STRIP = NO;
				DEBUG_INFORMATION_FORMAT = "dwarf-with-dsym";
				ENABLE_NS_ASSERTIONS = NO;
				ENABLE_STRICT_OBJC_MSGSEND = YES;
				GCC_C_LANGUAGE_STANDARD = gnu99;
				GCC_NO_COMMON_BLOCKS = YES;
				GCC_WARN_64_TO_32_BIT_CONVERSION = YES;
				GCC_WARN_ABOUT_RETURN_TYPE = YES_ERROR;
				GCC_WARN_UNDECLARED_SELECTOR = YES;
				GCC_WARN_UNINITIALIZED_AUTOS = YES_AGGRESSIVE;
				GCC_WARN_UNUSED_FUNCTION = YES;
				GCC_WARN_UNUSED_VARIABLE = YES;
				IPHONEOS_DEPLOYMENT_TARGET = 9.3;
				MTL_ENABLE_DEBUG_INFO = NO;
				SDKROOT = iphoneos;
				TARGETED_DEVICE_FAMILY = "1,2";
				VALIDATE_PRODUCT = YES;
			};
			name = Release;
		};
		B791A4AC1D62F64B00893017 /* Debug */ = {
			isa = XCBuildConfiguration;
			buildSettings = {
				ASSETCATALOG_COMPILER_APPICON_NAME = AppIcon;
				INFOPLIST_FILE = NumberKeyBoard/Info.plist;
				LD_RUNPATH_SEARCH_PATHS = "$(inherited) @executable_path/Frameworks";
				PRODUCT_BUNDLE_IDENTIFIER = lhp3851.NumberKeyBoard;
				PRODUCT_NAME = "$(TARGET_NAME)";
			};
			name = Debug;
		};
		B791A4AD1D62F64B00893017 /* Release */ = {
			isa = XCBuildConfiguration;
			buildSettings = {
				ASSETCATALOG_COMPILER_APPICON_NAME = AppIcon;
				INFOPLIST_FILE = NumberKeyBoard/Info.plist;
				LD_RUNPATH_SEARCH_PATHS = "$(inherited) @executable_path/Frameworks";
				PRODUCT_BUNDLE_IDENTIFIER = lhp3851.NumberKeyBoard;
				PRODUCT_NAME = "$(TARGET_NAME)";
			};
			name = Release;
		};
		B791A4AF1D62F64B00893017 /* Debug */ = {
			isa = XCBuildConfiguration;
			buildSettings = {
				BUNDLE_LOADER = "$(TEST_HOST)";
				INFOPLIST_FILE = NumberKeyBoardTests/Info.plist;
				LD_RUNPATH_SEARCH_PATHS = "$(inherited) @executable_path/Frameworks @loader_path/Frameworks";
				PRODUCT_BUNDLE_IDENTIFIER = lhp3851.NumberKeyBoardTests;
				PRODUCT_NAME = "$(TARGET_NAME)";
				TEST_HOST = "$(BUILT_PRODUCTS_DIR)/NumberKeyBoard.app/NumberKeyBoard";
			};
			name = Debug;
		};
		B791A4B01D62F64B00893017 /* Release */ = {
			isa = XCBuildConfiguration;
			buildSettings = {
				BUNDLE_LOADER = "$(TEST_HOST)";
				INFOPLIST_FILE = NumberKeyBoardTests/Info.plist;
				LD_RUNPATH_SEARCH_PATHS = "$(inherited) @executable_path/Frameworks @loader_path/Frameworks";
				PRODUCT_BUNDLE_IDENTIFIER = lhp3851.NumberKeyBoardTests;
				PRODUCT_NAME = "$(TARGET_NAME)";
				TEST_HOST = "$(BUILT_PRODUCTS_DIR)/NumberKeyBoard.app/NumberKeyBoard";
			};
			name = Release;
		};
		B791A4B21D62F64B00893017 /* Debug */ = {
			isa = XCBuildConfiguration;
			buildSettings = {
				INFOPLIST_FILE = NumberKeyBoardUITests/Info.plist;
				LD_RUNPATH_SEARCH_PATHS = "$(inherited) @executable_path/Frameworks @loader_path/Frameworks";
				PRODUCT_BUNDLE_IDENTIFIER = lhp3851.NumberKeyBoardUITests;
				PRODUCT_NAME = "$(TARGET_NAME)";
				TEST_TARGET_NAME = NumberKeyBoard;
			};
			name = Debug;
		};
		B791A4B31D62F64B00893017 /* Release */ = {
			isa = XCBuildConfiguration;
			buildSettings = {
				INFOPLIST_FILE = NumberKeyBoardUITests/Info.plist;
				LD_RUNPATH_SEARCH_PATHS = "$(inherited) @executable_path/Frameworks @loader_path/Frameworks";
				PRODUCT_BUNDLE_IDENTIFIER = lhp3851.NumberKeyBoardUITests;
				PRODUCT_NAME = "$(TARGET_NAME)";
				TEST_TARGET_NAME = NumberKeyBoard;
			};
			name = Release;
		};
/* End XCBuildConfiguration section */

/* Begin XCConfigurationList section */
		B791A4761D62F64B00893017 /* Build configuration list for PBXProject "NumberKeyBoard" */ = {
			isa = XCConfigurationList;
			buildConfigurations = (
				B791A4A91D62F64B00893017 /* Debug */,
				B791A4AA1D62F64B00893017 /* Release */,
			);
			defaultConfigurationIsVisible = 0;
			defaultConfigurationName = Release;
		};
		B791A4AB1D62F64B00893017 /* Build configuration list for PBXNativeTarget "NumberKeyBoard" */ = {
			isa = XCConfigurationList;
			buildConfigurations = (
				B791A4AC1D62F64B00893017 /* Debug */,
				B791A4AD1D62F64B00893017 /* Release */,
			);
			defaultConfigurationIsVisible = 0;
		};
		B791A4AE1D62F64B00893017 /* Build configuration list for PBXNativeTarget "NumberKeyBoardTests" */ = {
			isa = XCConfigurationList;
			buildConfigurations = (
				B791A4AF1D62F64B00893017 /* Debug */,
				B791A4B01D62F64B00893017 /* Release */,
			);
			defaultConfigurationIsVisible = 0;
		};
		B791A4B11D62F64B00893017 /* Build configuration list for PBXNativeTarget "NumberKeyBoardUITests" */ = {
			isa = XCConfigurationList;
			buildConfigurations = (
				B791A4B21D62F64B00893017 /* Debug */,
				B791A4B31D62F64B00893017 /* Release */,
			);
			defaultConfigurationIsVisible = 0;
		};
/* End XCConfigurationList section */

/* Begin XCVersionGroup section */
		B791A48A1D62F64B00893017 /* NumberKeyBoard.xcdatamodeld */ = {
			isa = XCVersionGroup;
			children = (
				B791A48B1D62F64B00893017 /* NumberKeyBoard.xcdatamodel */,
			);
			currentVersion = B791A48B1D62F64B00893017 /* NumberKeyBoard.xcdatamodel */;
			path = NumberKeyBoard.xcdatamodeld;
			sourceTree = "<group>";
			versionGroupType = wrapper.xcdatamodel;
		};
/* End XCVersionGroup section */
	};
	rootObject = B791A4731D62F64B00893017 /* Project object */;
}
